
Microsoft Visual Studio Solution File, Format Version 11.00
# Visual Studio 2010
# SharpDevelop 5.1
Project("{FAE04EC0-301F-11D3-BF4B-00C04F79EFBC}") = "مراقب الدوام", "Monitor\مراقب الدوام.csproj", "{5DF76FBE-928C-4EEF-920E-D9EBD57F0A71}"
EndProject
Global
	GlobalSection(SolutionConfigurationPlatforms) = preSolution
		Debug|Any CPU = Debug|Any CPU
		Release|Any CPU = Release|Any CPU
	EndGlobalSection
	GlobalSection(ProjectConfigurationPlatforms) = postSolution
		{5DF76FBE-928C-4EEF-920E-D9EBD57F0A71}.Debug|Any CPU.ActiveCfg = Debug|Any CPU
		{5DF76FBE-928C-4EEF-920E-D9EBD57F0A71}.Debug|Any CPU.Build.0 = Debug|Any CPU
		{5DF76FBE-928C-4EEF-920E-D9EBD57F0A71}.Release|Any CPU.ActiveCfg = Release|Any CPU
		{5DF76FBE-928C-4EEF-920E-D9EBD57F0A71}.Release|Any CPU.Build.0 = Release|Any CPU
	EndGlobalSection
EndGlobal
